// !$*UTF8*$!
{
	archiveVersion = 1;
	classes = {
	};
	objectVersion = 50;
	objects = {

/* Begin PBXBuildFile section */
		D24B42C5216F3B2C00E5B01E /* AppDelegate.swift in Sources */ = {isa = PBXBuildFile; fileRef = D24B42C4216F3B2C00E5B01E /* AppDelegate.swift */; };
		D24B42C7216F3B2C00E5B01E /* ViewController.swift in Sources */ = {isa = PBXBuildFile; fileRef = D24B42C6216F3B2C00E5B01E /* ViewController.swift */; };
		D24B42CA216F3B2C00E5B01E /* Main.storyboard in Resources */ = {isa = PBXBuildFile; fileRef = D24B42C8216F3B2C00E5B01E /* Main.storyboard */; };
		D24B42CC216F3B3900E5B01E /* Assets.xcassets in Resources */ = {isa = PBXBuildFile; fileRef = D24B42CB216F3B3900E5B01E /* Assets.xcassets */; };
		D24B42CF216F3B3900E5B01E /* LaunchScreen.storyboard in Resources */ = {isa = PBXBuildFile; fileRef = D24B42CD216F3B3900E5B01E /* LaunchScreen.storyboard */; };
		D24B42DA216F3B3900E5B01E /* SwiftDemoTests.swift in Sources */ = {isa = PBXBuildFile; fileRef = D24B42D9216F3B3900E5B01E /* SwiftDemoTests.swift */; };
		D24B42E5216F3B3900E5B01E /* SwiftDemoUITests.swift in Sources */ = {isa = PBXBuildFile; fileRef = D24B42E4216F3B3900E5B01E /* SwiftDemoUITests.swift */; };
/* End PBXBuildFile section */

/* Begin PBXContainerItemProxy section */
		D24B42D6216F3B3900E5B01E /* PBXContainerItemProxy */ = {
			isa = PBXContainerItemProxy;
			containerPortal = D24B42B9216F3B2C00E5B01E /* Project object */;
			proxyType = 1;
			remoteGlobalIDString = D24B42C0216F3B2C00E5B01E;
			remoteInfo = SwiftDemo;
		};
		D24B42E1216F3B3900E5B01E /* PBXContainerItemProxy */ = {
			isa = PBXContainerItemProxy;
			containerPortal = D24B42B9216F3B2C00E5B01E /* Project object */;
			proxyType = 1;
			remoteGlobalIDString = D24B42C0216F3B2C00E5B01E;
			remoteInfo = SwiftDemo;
		};
/* End PBXContainerItemProxy section */

/* Begin PBXFileReference section */
		D24B42C1216F3B2C00E5B01E /* SwiftDemo.app */ = {isa = PBXFileReference; explicitFileType = wrapper.application; includeInIndex = 0; path = SwiftDemo.app; sourceTree = BUILT_PRODUCTS_DIR; };
		D24B42C4216F3B2C00E5B01E /* AppDelegate.swift */ = {isa = PBXFileReference; lastKnownFileType = sourcecode.swift; path = AppDelegate.swift; sourceTree = "<group>"; };
		D24B42C6216F3B2C00E5B01E /* ViewController.swift */ = {isa = PBXFileReference; lastKnownFileType = sourcecode.swift; path = ViewController.swift; sourceTree = "<group>"; };
		D24B42C9216F3B2C00E5B01E /* Base */ = {isa = PBXFileReference; lastKnownFileType = file.storyboard; name = Base; path = Base.lproj/Main.storyboard; sourceTree = "<group>"; };
		D24B42CB216F3B3900E5B01E /* Assets.xcassets */ = {isa = PBXFileReference; lastKnownFileType = folder.assetcatalog; path = Assets.xcassets; sourceTree = "<group>"; };
		D24B42CE216F3B3900E5B01E /* Base */ = {isa = PBXFileReference; lastKnownFileType = file.storyboard; name = Base; path = Base.lproj/LaunchScreen.storyboard; sourceTree = "<group>"; };
		D24B42D0216F3B3900E5B01E /* Info.plist */ = {isa = PBXFileReference; lastKnownFileType = text.plist.xml; path = Info.plist; sourceTree = "<group>"; };
		D24B42D5216F3B3900E5B01E /* SwiftDemoTests.xctest */ = {isa = PBXFileReference; explicitFileType = wrapper.cfbundle; includeInIndex = 0; path = SwiftDemoTests.xctest; sourceTree = BUILT_PRODUCTS_DIR; };
		D24B42D9216F3B3900E5B01E /* SwiftDemoTests.swift */ = {isa = PBXFileReference; lastKnownFileType = sourcecode.swift; path = SwiftDemoTests.swift; sourceTree = "<group>"; };
		D24B42DB216F3B3900E5B01E /* Info.plist */ = {isa = PBXFileReference; lastKnownFileType = text.plist.xml; path = Info.plist; sourceTree = "<group>"; };
		D24B42E0216F3B3900E5B01E /* SwiftDemoUITests.xctest */ = {isa = PBXFileReference; explicitFileType = wrapper.cfbundle; includeInIndex = 0; path = SwiftDemoUITests.xctest; sourceTree = BUILT_PRODUCTS_DIR; };
		D24B42E4216F3B3900E5B01E /* SwiftDemoUITests.swift */ = {isa = PBXFileReference; lastKnownFileType = sourcecode.swift; path = SwiftDemoUITests.swift; sourceTree = "<group>"; };
		D24B42E6216F3B3900E5B01E /* Info.plist */ = {isa = PBXFileReference; lastKnownFileType = text.plist.xml; path = Info.plist; sourceTree = "<group>"; };
/* End PBXFileReference section */

/* Begin PBXFrameworksBuildPhase section */
		D24B42BE216F3B2C00E5B01E /* Frameworks */ = {
			isa = PBXFrameworksBuildPhase;
			buildActionMask = 2147483647;
			files = (
			);
			runOnlyForDeploymentPostprocessing = 0;
		};
		D24B42D2216F3B3900E5B01E /* Frameworks */ = {
			isa = PBXFrameworksBuildPhase;
			buildActionMask = 2147483647;
			files = (
			);
			runOnlyForDeploymentPostprocessing = 0;
		};
		D24B42DD216F3B3900E5B01E /* Frameworks */ = {
			isa = PBXFrameworksBuildPhase;
			buildActionMask = 2147483647;
			files = (
			);
			runOnlyForDeploymentPostprocessing = 0;
		};
/* End PBXFrameworksBuildPhase section */

/* Begin PBXGroup section */
		D24B42B8216F3B2C00E5B01E = {
			isa = PBXGroup;
			children = (
				D24B42C3216F3B2C00E5B01E /* SwiftDemo */,
				D24B42D8216F3B3900E5B01E /* SwiftDemoTests */,
				D24B42E3216F3B3900E5B01E /* SwiftDemoUITests */,
				D24B42C2216F3B2C00E5B01E /* Products */,
			);
			sourceTree = "<group>";
		};
		D24B42C2216F3B2C00E5B01E /* Products */ = {
			isa = PBXGroup;
			children = (
				D24B42C1216F3B2C00E5B01E /* SwiftDemo.app */,
				D24B42D5216F3B3900E5B01E /* SwiftDemoTests.xctest */,
				D24B42E0216F3B3900E5B01E /* SwiftDemoUITests.xctest */,
			);
			name = Products;
			sourceTree = "<group>";
		};
		D24B42C3216F3B2C00E5B01E /* SwiftDemo */ = {
			isa = PBXGroup;
			children = (
				D24B42C4216F3B2C00E5B01E /* AppDelegate.swift */,
				D24B42C6216F3B2C00E5B01E /* ViewController.swift */,
				D24B42C8216F3B2C00E5B01E /* Main.storyboard */,
				D24B42CB216F3B3900E5B01E /* Assets.xcassets */,
				D24B42CD216F3B3900E5B01E /* LaunchScreen.storyboard */,
				D24B42D0216F3B3900E5B01E /* Info.plist */,
			);
			path = SwiftDemo;
			sourceTree = "<group>";
		};
		D24B42D8216F3B3900E5B01E /* SwiftDemoTests */ = {
			isa = PBXGroup;
			children = (
				D24B42D9216F3B3900E5B01E /* SwiftDemoTests.swift */,
				D24B42DB216F3B3900E5B01E /* Info.plist */,
			);
			path = SwiftDemoTests;
			sourceTree = "<group>";
		};
		D24B42E3216F3B3900E5B01E /* SwiftDemoUITests */ = {
			isa = PBXGroup;
			children = (
				D24B42E4216F3B3900E5B01E /* SwiftDemoUITests.swift */,
				D24B42E6216F3B3900E5B01E /* Info.plist */,
			);
			path = SwiftDemoUITests;
			sourceTree = "<group>";
		};
/* End PBXGroup section */

/* Begin PBXNativeTarget section */
		D24B42C0216F3B2C00E5B01E /* SwiftDemo */ = {
			isa = PBXNativeTarget;
			buildConfigurationList = D24B42E9216F3B3900E5B01E /* Build configuration list for PBXNativeTarget "SwiftDemo" */;
			buildPhases = (
				D24B42BD216F3B2C00E5B01E /* Sources */,
				D24B42BE216F3B2C00E5B01E /* Frameworks */,
				D24B42BF216F3B2C00E5B01E /* Resources */,
			);
			buildRules = (
			);
			dependencies = (
			);
			name = SwiftDemo;
			productName = SwiftDemo;
			productReference = D24B42C1216F3B2C00E5B01E /* SwiftDemo.app */;
			productType = "com.apple.product-type.application";
		};
		D24B42D4216F3B3900E5B01E /* SwiftDemoTests */ = {
			isa = PBXNativeTarget;
			buildConfigurationList = D24B42EC216F3B3900E5B01E /* Build configuration list for PBXNativeTarget "SwiftDemoTests" */;
			buildPhases = (
				D24B42D1216F3B3900E5B01E /* Sources */,
				D24B42D2216F3B3900E5B01E /* Frameworks */,
				D24B42D3216F3B3900E5B01E /* Resources */,
			);
			buildRules = (
			);
			dependencies = (
				D24B42D7216F3B3900E5B01E /* PBXTargetDependency */,
			);
			name = SwiftDemoTests;
			productName = SwiftDemoTests;
			productReference = D24B42D5216F3B3900E5B01E /* SwiftDemoTests.xctest */;
			productType = "com.apple.product-type.bundle.unit-test";
		};
		D24B42DF216F3B3900E5B01E /* SwiftDemoUITests */ = {
			isa = PBXNativeTarget;
			buildConfigurationList = D24B42EF216F3B3900E5B01E /* Build configuration list for PBXNativeTarget "SwiftDemoUITests" */;
			buildPhases = (
				D24B42DC216F3B3900E5B01E /* Sources */,
				D24B42DD216F3B3900E5B01E /* Frameworks */,
				D24B42DE216F3B3900E5B01E /* Resources */,
			);
			buildRules = (
			);
			dependencies = (
				D24B42E2216F3B3900E5B01E /* PBXTargetDependency */,
			);
			name = SwiftDemoUITests;
			productName = SwiftDemoUITests;
			productReference = D24B42E0216F3B3900E5B01E /* SwiftDemoUITests.xctest */;
			productType = "com.apple.product-type.bundle.ui-testing";
		};
/* End PBXNativeTarget section */

/* Begin PBXProject section */
		D24B42B9216F3B2C00E5B01E /* Project object */ = {
			isa = PBXProject;
			attributes = {
				LastSwiftUpdateCheck = 0940;
				LastUpgradeCheck = 0940;
				ORGANIZATIONNAME = "com.ap-ec.cn";
				TargetAttributes = {
					D24B42C0216F3B2C00E5B01E = {
						CreatedOnToolsVersion = 9.4.1;
					};
					D24B42D4216F3B3900E5B01E = {
						CreatedOnToolsVersion = 9.4.1;
						TestTargetID = D24B42C0216F3B2C00E5B01E;
					};
					D24B42DF216F3B3900E5B01E = {
						CreatedOnToolsVersion = 9.4.1;
						TestTargetID = D24B42C0216F3B2C00E5B01E;
					};
				};
			};
			buildConfigurationList = D24B42BC216F3B2C00E5B01E /* Build configuration list for PBXProject "SwiftDemo" */;
			compatibilityVersion = "Xcode 9.3";
			developmentRegion = en;
			hasScannedForEncodings = 0;
			knownRegions = (
				en,
				Base,
			);
			mainGroup = D24B42B8216F3B2C00E5B01E;
			productRefGroup = D24B42C2216F3B2C00E5B01E /* Products */;
			projectDirPath = "";
			projectRoot = "";
			targets = (
				D24B42C0216F3B2C00E5B01E /* SwiftDemo */,
				D24B42D4216F3B3900E5B01E /* SwiftDemoTests */,
				D24B42DF216F3B3900E5B01E /* SwiftDemoUITests */,
			);
		};
/* End PBXProject section */

/* Begin PBXResourcesBuildPhase section */
		D24B42BF216F3B2C00E5B01E /* Resources */ = {
			isa = PBXResourcesBuildPhase;
			buildActionMask = 2147483647;
			files = (
				D24B42CF216F3B3900E5B01E /* LaunchScreen.storyboard in Resources */,
				D24B42CC216F3B3900E5B01E /* Assets.xcassets in Resources */,
				D24B42CA216F3B2C00E5B01E /* Main.storyboard in Resources */,
			);
			runOnlyForDeploymentPostprocessing = 0;
		};
		D24B42D3216F3B3900E5B01E /* Resources */ = {
			isa = PBXResourcesBuildPhase;
			buildActionMask = 2147483647;
			files = (
			);
			runOnlyForDeploymentPostprocessing = 0;
		};
		D24B42DE216F3B3900E5B01E /* Resources */ = {
			isa = PBXResourcesBuildPhase;
			buildActionMask = 2147483647;
			files = (
			);
			runOnlyForDeploymentPostprocessing = 0;
		};
/* End PBXResourcesBuildPhase section */

/* Begin PBXSourcesBuildPhase section */
		D24B42BD216F3B2C00E5B01E /* Sources */ = {
			isa = PBXSourcesBuildPhase;
			buildActionMask = 2147483647;
			files = (
				D24B42C7216F3B2C00E5B01E /* ViewController.swift in Sources */,
				D24B42C5216F3B2C00E5B01E /* AppDelegate.swift in Sources */,
			);
			runOnlyForDeploymentPostprocessing = 0;
		};
		D24B42D1216F3B3900E5B01E /* Sources */ = {
			isa = PBXSourcesBuildPhase;
			buildActionMask = 2147483647;
			files = (
				D24B42DA216F3B3900E5B01E /* SwiftDemoTests.swift in Sources */,
			);
			runOnlyForDeploymentPostprocessing = 0;
		};
		D24B42DC216F3B3900E5B01E /* Sources */ = {
			isa = PBXSourcesBuildPhase;
			buildActionMask = 2147483647;
			files = (
				D24B42E5216F3B3900E5B01E /* SwiftDemoUITests.swift in Sources */,
			);
			runOnlyForDeploymentPostprocessing = 0;
		};
/* End PBXSourcesBuildPhase section */

/* Begin PBXTargetDependency section */
		D24B42D7216F3B3900E5B01E /* PBXTargetDependency */ = {
			isa = PBXTargetDependency;
			target = D24B42C0216F3B2C00E5B01E /* SwiftDemo */;
			targetProxy = D24B42D6216F3B3900E5B01E /* PBXContainerItemProxy */;
		};
		D24B42E2216F3B3900E5B01E /* PBXTargetDependency */ = {
			isa = PBXTargetDependency;
			target = D24B42C0216F3B2C00E5B01E /* SwiftDemo */;
			targetProxy = D24B42E1216F3B3900E5B01E /* PBXContainerItemProxy */;
		};
/* End PBXTargetDependency section */

/* Begin PBXVariantGroup section */
		D24B42C8216F3B2C00E5B01E /* Main.storyboard */ = {
			isa = PBXVariantGroup;
			children = (
				D24B42C9216F3B2C00E5B01E /* Base */,
			);
			name = Main.storyboard;
			sourceTree = "<group>";
		};
		D24B42CD216F3B3900E5B01E /* LaunchScreen.storyboard */ = {
			isa = PBXVariantGroup;
			children = (
				D24B42CE216F3B3900E5B01E /* Base */,
			);
			name = LaunchScreen.storyboard;
			sourceTree = "<group>";
		};
/* End PBXVariantGroup section */

/* Begin XCBuildConfiguration section */
		D24B42E7216F3B3900E5B01E /* Debug */ = {
			isa = XCBuildConfiguration;
			buildSettings = {
				ALWAYS_SEARCH_USER_PATHS = NO;
				CLANG_ANALYZER_NONNULL = YES;
				CLANG_ANALYZER_NUMBER_OBJECT_CONVERSION = YES_AGGRESSIVE;
				CLANG_CXX_LANGUAGE_STANDARD = "gnu++14";
				CLANG_CXX_LIBRARY = "libc++";
				CLANG_ENABLE_MODULES = YES;
				CLANG_ENABLE_OBJC_ARC = YES;
				CLANG_ENABLE_OBJC_WEAK = YES;
				CLANG_WARN_BLOCK_CAPTURE_AUTORELEASING = YES;
				CLANG_WARN_BOOL_CONVERSION = YES;
				CLANG_WARN_COMMA = YES;
				CLANG_WARN_CONSTANT_CONVERSION = YES;
				CLANG_WARN_DEPRECATED_OBJC_IMPLEMENTATIONS = YES;
				CLANG_WARN_DIRECT_OBJC_ISA_USAGE = YES_ERROR;
				CLANG_WARN_DOCUMENTATION_COMMENTS = YES;
				CLANG_WARN_EMPTY_BODY = YES;
				CLANG_WARN_ENUM_CONVERSION = YES;
				CLANG_WARN_INFINITE_RECURSION = YES;
				CLANG_WARN_INT_CONVERSION = YES;
				CLANG_WARN_NON_LITERAL_NULL_CONVERSION = YES;
				CLANG_WARN_OBJC_IMPLICIT_RETAIN_SELF = YES;
				CLANG_WARN_OBJC_LITERAL_CONVERSION = YES;
				CLANG_WARN_OBJC_ROOT_CLASS = YES_ERROR;
				CLANG_WARN_RANGE_LOOP_ANALYSIS = YES;
				CLANG_WARN_STRICT_PROTOTYPES = YES;
				CLANG_WARN_SUSPICIOUS_MOVE = YES;
				CLANG_WARN_UNGUARDED_AVAILABILITY = YES_AGGRESSIVE;
				CLANG_WARN_UNREACHABLE_CODE = YES;
				CLANG_WARN__DUPLICATE_METHOD_MATCH = YES;
				CODE_SIGN_IDENTITY = "iPhone Developer";
				COPY_PHASE_STRIP = NO;
				DEBUG_INFORMATION_FORMAT = dwarf;
				ENABLE_STRICT_OBJC_MSGSEND = YES;
				ENABLE_TESTABILITY = YES;
				GCC_C_LANGUAGE_STANDARD = gnu11;
				GCC_DYNAMIC_NO_PIC = NO;
				GCC_NO_COMMON_BLOCKS = YES;
				GCC_OPTIMIZATION_LEVEL = 0;
				GCC_PREPROCESSOR_DEFINITIONS = (
					"DEBUG=1",
					"$(inherited)",
				);
				GCC_WARN_64_TO_32_BIT_CONVERSION = YES;
				GCC_WARN_ABOUT_RETURN_TYPE = YES_ERROR;
				GCC_WARN_UNDECLARED_SELECTOR = YES;
				GCC_WARN_UNINITIALIZED_AUTOS = YES_AGGRESSIVE;
				GCC_WARN_UNUSED_FUNCTION = YES;
				GCC_WARN_UNUSED_VARIABLE = YES;
				IPHONEOS_DEPLOYMENT_TARGET = 11.4;
				MTL_ENABLE_DEBUG_INFO = YES;
				ONLY_ACTIVE_ARCH = YES;
				SDKROOT = iphoneos;
				SWIFT_ACTIVE_COMPILATION_CONDITIONS = DEBUG;
				SWIFT_OPTIMIZATION_LEVEL = "-Onone";
			};
			name = Debug;
		};
		D24B42E8216F3B3900E5B01E /* Release */ = {
			isa = XCBuildConfiguration;
			buildSettings = {
				ALWAYS_SEARCH_USER_PATHS = NO;
				CLANG_ANALYZER_NONNULL = YES;
				CLANG_ANALYZER_NUMBER_OBJECT_CONVERSION = YES_AGGRESSIVE;
				CLANG_CXX_LANGUAGE_STANDARD = "gnu++14";
				CLANG_CXX_LIBRARY = "libc++";
				CLANG_ENABLE_MODULES = YES;
				CLANG_ENABLE_OBJC_ARC = YES;
				CLANG_ENABLE_OBJC_WEAK = YES;
				CLANG_WARN_BLOCK_CAPTURE_AUTORELEASING = YES;
				CLANG_WARN_BOOL_CONVERSION = YES;
				CLANG_WARN_COMMA = YES;
				CLANG_WARN_CONSTANT_CONVERSION = YES;
				CLANG_WARN_DEPRECATED_OBJC_IMPLEMENTATIONS = YES;
				CLANG_WARN_DIRECT_OBJC_ISA_USAGE = YES_ERROR;
				CLANG_WARN_DOCUMENTATION_COMMENTS = YES;
				CLANG_WARN_EMPTY_BODY = YES;
				CLANG_WARN_ENUM_CONVERSION = YES;
				CLANG_WARN_INFINITE_RECURSION = YES;
				CLANG_WARN_INT_CONVERSION = YES;
				CLANG_WARN_NON_LITERAL_NULL_CONVERSION = YES;
				CLANG_WARN_OBJC_IMPLICIT_RETAIN_SELF = YES;
				CLANG_WARN_OBJC_LITERAL_CONVERSION = YES;
				CLANG_WARN_OBJC_ROOT_CLASS = YES_ERROR;
				CLANG_WARN_RANGE_LOOP_ANALYSIS = YES;
				CLANG_WARN_STRICT_PROTOTYPES = YES;
				CLANG_WARN_SUSPICIOUS_MOVE = YES;
				CLANG_WARN_UNGUARDED_AVAILABILITY = YES_AGGRESSIVE;
				CLANG_WARN_UNREACHABLE_CODE = YES;
				CLANG_WARN__DUPLICATE_METHOD_MATCH = YES;
				CODE_SIGN_IDENTITY = "iPhone Developer";
				COPY_PHASE_STRIP = NO;
				DEBUG_INFORMATION_FORMAT = "dwarf-with-dsym";
				ENABLE_NS_ASSERTIONS = NO;
				ENABLE_STRICT_OBJC_MSGSEND = YES;
				GCC_C_LANGUAGE_STANDARD = gnu11;
				GCC_NO_COMMON_BLOCKS = YES;
				GCC_WARN_64_TO_32_BIT_CONVERSION = YES;
				GCC_WARN_ABOUT_RETURN_TYPE = YES_ERROR;
				GCC_WARN_UNDECLARED_SELECTOR = YES;
				GCC_WARN_UNINITIALIZED_AUTOS = YES_AGGRESSIVE;
				GCC_WARN_UNUSED_FUNCTION = YES;
				GCC_WARN_UNUSED_VARIABLE = YES;
				IPHONEOS_DEPLOYMENT_TARGET = 11.4;
				MTL_ENABLE_DEBUG_INFO = NO;
				SDKROOT = iphoneos;
				SWIFT_COMPILATION_MODE = wholemodule;
				SWIFT_OPTIMIZATION_LEVEL = "-O";
				VALIDATE_PRODUCT = YES;
			};
			name = Release;
		};
		D24B42EA216F3B3900E5B01E /* Debug */ = {
			isa = XCBuildConfiguration;
			buildSettings = {
				ASSETCATALOG_COMPILER_APPICON_NAME = AppIcon;
				CODE_SIGN_STYLE = Automatic;
				DEVELOPMENT_TEAM = 9U7V6Q5GT2;
				INFOPLIST_FILE = SwiftDemo/Info.plist;
				LD_RUNPATH_SEARCH_PATHS = (
					"$(inherited)",
					"@executable_path/Frameworks",
				);
				PRODUCT_BUNDLE_IDENTIFIER = "com.ap-ec.cn.SwiftDemo";
				PRODUCT_NAME = "$(TARGET_NAME)";
				SWIFT_VERSION = 4.0;
				TARGETED_DEVICE_FAMILY = "1,2";
			};
			name = Debug;
		};
		D24B42EB216F3B3900E5B01E /* Release */ = {
			isa = XCBuildConfiguration;
			buildSettings = {
				ASSETCATALOG_COMPILER_APPICON_NAME = AppIcon;
				CODE_SIGN_STYLE = Automatic;
				DEVELOPMENT_TEAM = 9U7V6Q5GT2;
				INFOPLIST_FILE = SwiftDemo/Info.plist;
				LD_RUNPATH_SEARCH_PATHS = (
					"$(inherited)",
					"@executable_path/Frameworks",
				);
				PRODUCT_BUNDLE_IDENTIFIER = "com.ap-ec.cn.SwiftDemo";
				PRODUCT_NAME = "$(TARGET_NAME)";
				SWIFT_VERSION = 4.0;
				TARGETED_DEVICE_FAMILY = "1,2";
			};
			name = Release;
		};
		D24B42ED216F3B3900E5B01E /* Debug */ = {
			isa = XCBuildConfiguration;
			buildSettings = {
				ALWAYS_EMBED_SWIFT_STANDARD_LIBRARIES = YES;
				BUNDLE_LOADER = "$(TEST_HOST)";
				CODE_SIGN_STYLE = Automatic;
				DEVELOPMENT_TEAM = 9U7V6Q5GT2;
				INFOPLIST_FILE = SwiftDemoTests/Info.plist;
				LD_RUNPATH_SEARCH_PATHS = (
					"$(inherited)",
					"@executable_path/Frameworks",
					"@loader_path/Frameworks",
				);
				PRODUCT_BUNDLE_IDENTIFIER = "com.ap-ec.cn.SwiftDemoTests";
				PRODUCT_NAME = "$(TARGET_NAME)";
				SWIFT_VERSION = 4.0;
				TARGETED_DEVICE_FAMILY = "1,2";
				TEST_HOST = "$(BUILT_PRODUCTS_DIR)/SwiftDemo.app/SwiftDemo";
			};
			name = Debug;
		};
		D24B42EE216F3B3900E5B01E /* Release */ = {
			isa = XCBuildConfiguration;
			buildSettings = {
				ALWAYS_EMBED_SWIFT_STANDARD_LIBRARIES = YES;
				BUNDLE_LOADER = "$(TEST_HOST)";
				CODE_SIGN_STYLE = Automatic;
				DEVELOPMENT_TEAM = 9U7V6Q5GT2;
				INFOPLIST_FILE = SwiftDemoTests/Info.plist;
				LD_RUNPATH_SEARCH_PATHS = (
					"$(inherited)",
					"@executable_path/Frameworks",
					"@loader_path/Frameworks",
				);
				PRODUCT_BUNDLE_IDENTIFIER = "com.ap-ec.cn.SwiftDemoTests";
				PRODUCT_NAME = "$(TARGET_NAME)";
				SWIFT_VERSION = 4.0;
				TARGETED_DEVICE_FAMILY = "1,2";
				TEST_HOST = "$(BUILT_PRODUCTS_DIR)/SwiftDemo.app/SwiftDemo";
			};
			name = Release;
		};
		D24B42F0216F3B3900E5B01E /* Debug */ = {
			isa = XCBuildConfiguration;
			buildSettings = {
				ALWAYS_EMBED_SWIFT_STANDARD_LIBRARIES = YES;
				CODE_SIGN_STYLE = Automatic;
				DEVELOPMENT_TEAM = 9U7V6Q5GT2;
				INFOPLIST_FILE = SwiftDemoUITests/Info.plist;
				LD_RUNPATH_SEARCH_PATHS = (
					"$(inherited)",
					"@executable_path/Frameworks",
					"@loader_path/Frameworks",
				);
				PRODUCT_BUNDLE_IDENTIFIER = "com.ap-ec.cn.SwiftDemoUITests";
				PRODUCT_NAME = "$(TARGET_NAME)";
				SWIFT_VERSION = 4.0;
				TARGETED_DEVICE_FAMILY = "1,2";
				TEST_TARGET_NAME = SwiftDemo;
			};
			name = Debug;
		};
		D24B42F1216F3B3900E5B01E /* Release */ = {
			isa = XCBuildConfiguration;
			buildSettings = {
				ALWAYS_EMBED_SWIFT_STANDARD_LIBRARIES = YES;
				CODE_SIGN_STYLE = Automatic;
				DEVELOPMENT_TEAM = 9U7V6Q5GT2;
				INFOPLIST_FILE = SwiftDemoUITests/Info.plist;
				LD_RUNPATH_SEARCH_PATHS = (
					"$(inherited)",
					"@executable_path/Frameworks",
					"@loader_path/Frameworks",
				);
				PRODUCT_BUNDLE_IDENTIFIER = "com.ap-ec.cn.SwiftDemoUITests";
				PRODUCT_NAME = "$(TARGET_NAME)";
				SWIFT_VERSION = 4.0;
				TARGETED_DEVICE_FAMILY = "1,2";
				TEST_TARGET_NAME = SwiftDemo;
			};
			name = Release;
		};
/* End XCBuildConfiguration section */

/* Begin XCConfigurationList section */
		D24B42BC216F3B2C00E5B01E /* Build configuration list for PBXProject "SwiftDemo" */ = {
			isa = XCConfigurationList;
			buildConfigurations = (
				D24B42E7216F3B3900E5B01E /* Debug */,
				D24B42E8216F3B3900E5B01E /* Release */,
			);
			defaultConfigurationIsVisible = 0;
			defaultConfigurationName = Release;
		};
		D24B42E9216F3B3900E5B01E /* Build configuration list for PBXNativeTarget "SwiftDemo" */ = {
			isa = XCConfigurationList;
			buildConfigurations = (
				D24B42EA216F3B3900E5B01E /* Debug */,
				D24B42EB216F3B3900E5B01E /* Release */,
			);
			defaultConfigurationIsVisible = 0;
			defaultConfigurationName = Release;
		};
		D24B42EC216F3B3900E5B01E /* Build configuration list for PBXNativeTarget "SwiftDemoTests" */ = {
			isa = XCConfigurationList;
			buildConfigurations = (
				D24B42ED216F3B3900E5B01E /* Debug */,
				D24B42EE216F3B3900E5B01E /* Release */,
			);
			defaultConfigurationIsVisible = 0;
			defaultConfigurationName = Release;
		};
		D24B42EF216F3B3900E5B01E /* Build configuration list for PBXNativeTarget "SwiftDemoUITests" */ = {
			isa = XCConfigurationList;
			buildConfigurations = (
				D24B42F0216F3B3900E5B01E /* Debug */,
				D24B42F1216F3B3900E5B01E /* Release */,
			);
			defaultConfigurationIsVisible = 0;
			defaultConfigurationName = Release;
		};
/* End XCConfigurationList section */
	};
	rootObject = D24B42B9216F3B2C00E5B01E /* Project object */;
}
